
Microsoft Visual Studio Solution File, Format Version 12.00
# Visual Studio Version 17
VisualStudioVersion = 17.6.33723.286
MinimumVisualStudioVersion = 10.0.40219.1
Project("{FAE04EC0-301F-11D3-BF4B-00C04F79EFBC}") = "VehicleRentalSystem", "VehicleRentalSystem.csproj", "{96A95CD9-8704-4B9E-B5A1-5D525E18A99F}"
EndProject
Global
	GlobalSection(SolutionConfigurationPlatforms) = preSolution
		Debug|Any CPU = Debug|Any CPU
		Release|Any CPU = Release|Any CPU
	EndGlobalSection
	GlobalSection(ProjectConfigurationPlatforms) = postSolution
		{96A95CD9-8704-4B9E-B5A1-5D525E18A99F}.Debug|Any CPU.ActiveCfg = Debug|Any CPU
		{96A95CD9-8704-4B9E-B5A1-5D525E18A99F}.Debug|Any CPU.Build.0 = Debug|Any CPU
		{96A95CD9-8704-4B9E-B5A1-5D525E18A99F}.Release|Any CPU.ActiveCfg = Release|Any CPU
		{96A95CD9-8704-4B9E-B5A1-5D525E18A99F}.Release|Any CPU.Build.0 = Release|Any CPU
	EndGlobalSection
	GlobalSection(SolutionProperties) = preSolution
		HideSolutionNode = FALSE
	EndGlobalSection
	GlobalSection(ExtensibilityGlobals) = postSolution
		SolutionGuid = {CB23A45C-98EE-47A0-8AB3-F0A55FB39425}
	EndGlobalSection
EndGlobal
